
Microsoft Visual Studio Solution File, Format Version 12.00
# Visual Studio Version 16
VisualStudioVersion = 16.0.30330.147
MinimumVisualStudioVersion = 10.0.40219.1
Project("{9A19103F-16F7-4668-BE54-9A1E7A4F7556}") = "Govnocode", "TextBox\Govnocode.csproj", "{0DFE2F5B-A38C-4BC1-B71E-12A238E6F9BE}"
EndProject
Global
	GlobalSection(SolutionConfigurationPlatforms) = preSolution
		Debug|Any CPU = Debug|Any CPU
		Debug|x64 = Debug|x64
		Release|Any CPU = Release|Any CPU
		Release|x64 = Release|x64
		test|Any CPU = test|Any CPU
		test|x64 = test|x64
	EndGlobalSection
	GlobalSection(ProjectConfigurationPlatforms) = postSolution
		{0DFE2F5B-A38C-4BC1-B71E-12A238E6F9BE}.Debug|Any CPU.ActiveCfg = Debug|Any CPU
		{0DFE2F5B-A38C-4BC1-B71E-12A238E6F9BE}.Debug|Any CPU.Build.0 = Debug|Any CPU
		{0DFE2F5B-A38C-4BC1-B71E-12A238E6F9BE}.Debug|x64.ActiveCfg = Debug|x64
		{0DFE2F5B-A38C-4BC1-B71E-12A238E6F9BE}.Debug|x64.Build.0 = Debug|x64
		{0DFE2F5B-A38C-4BC1-B71E-12A238E6F9BE}.Release|Any CPU.ActiveCfg = Release|Any CPU
		{0DFE2F5B-A38C-4BC1-B71E-12A238E6F9BE}.Release|Any CPU.Build.0 = Release|Any CPU
		{0DFE2F5B-A38C-4BC1-B71E-12A238E6F9BE}.Release|x64.ActiveCfg = Release|x64
		{0DFE2F5B-A38C-4BC1-B71E-12A238E6F9BE}.Release|x64.Build.0 = Release|x64
		{0DFE2F5B-A38C-4BC1-B71E-12A238E6F9BE}.test|Any CPU.ActiveCfg = test|Any CPU
		{0DFE2F5B-A38C-4BC1-B71E-12A238E6F9BE}.test|Any CPU.Build.0 = test|Any CPU
		{0DFE2F5B-A38C-4BC1-B71E-12A238E6F9BE}.test|x64.ActiveCfg = test|x64
		{0DFE2F5B-A38C-4BC1-B71E-12A238E6F9BE}.test|x64.Build.0 = test|x64
	EndGlobalSection
	GlobalSection(SolutionProperties) = preSolution
		HideSolutionNode = FALSE
	EndGlobalSection
	GlobalSection(ExtensibilityGlobals) = postSolution
		SolutionGuid = {EDE0ABA0-23F8-4912-8BBF-23FD1465BCE6}
	EndGlobalSection
EndGlobal
